
Microsoft Visual Studio Solution File, Format Version 12.00
Project("{FAE04EC0-301F-11D3-BF4B-00C04F79EFBC}") = "UsageTracker", "UsageTracker\UsageTracker.csproj", "{328B395A-8EE9-48AC-B676-732E67E49D06}"
EndProject
Project("{FAE04EC0-301F-11D3-BF4B-00C04F79EFBC}") = "UsageTracker.Common", "UsageTracker.Common\UsageTracker.Common.csproj", "{BB72F148-D823-4276-9260-9FB751AEBB5A}"
EndProject
Project("{FAE04EC0-301F-11D3-BF4B-00C04F79EFBC}") = "UsageTracker.Ctl", "UsageTracker.Ctl\UsageTracker.Ctl.csproj", "{EA5478BE-287D-44CD-AA96-DE3E2C595136}"
EndProject
Global
	GlobalSection(SolutionConfigurationPlatforms) = preSolution
		Debug|Any CPU = Debug|Any CPU
		Release|Any CPU = Release|Any CPU
	EndGlobalSection
	GlobalSection(ProjectConfigurationPlatforms) = postSolution
		{328B395A-8EE9-48AC-B676-732E67E49D06}.Debug|Any CPU.ActiveCfg = Debug|Any CPU
		{328B395A-8EE9-48AC-B676-732E67E49D06}.Debug|Any CPU.Build.0 = Debug|Any CPU
		{328B395A-8EE9-48AC-B676-732E67E49D06}.Release|Any CPU.ActiveCfg = Release|Any CPU
		{328B395A-8EE9-48AC-B676-732E67E49D06}.Release|Any CPU.Build.0 = Release|Any CPU
		{BB72F148-D823-4276-9260-9FB751AEBB5A}.Debug|Any CPU.ActiveCfg = Debug|Any CPU
		{BB72F148-D823-4276-9260-9FB751AEBB5A}.Debug|Any CPU.Build.0 = Debug|Any CPU
		{BB72F148-D823-4276-9260-9FB751AEBB5A}.Release|Any CPU.ActiveCfg = Release|Any CPU
		{BB72F148-D823-4276-9260-9FB751AEBB5A}.Release|Any CPU.Build.0 = Release|Any CPU
		{EA5478BE-287D-44CD-AA96-DE3E2C595136}.Debug|Any CPU.ActiveCfg = Debug|Any CPU
		{EA5478BE-287D-44CD-AA96-DE3E2C595136}.Debug|Any CPU.Build.0 = Debug|Any CPU
		{EA5478BE-287D-44CD-AA96-DE3E2C595136}.Release|Any CPU.ActiveCfg = Release|Any CPU
		{EA5478BE-287D-44CD-AA96-DE3E2C595136}.Release|Any CPU.Build.0 = Release|Any CPU
	EndGlobalSection
EndGlobal
